# THIS IS AN AUTOGENERATED FILE. DO NOT EDIT THIS FILE DIRECTLY.
# yarn lockfile v1
# bun ./bun.lockb --hash: 25D40C6085B3FE1D-d568649339bb2ff7-CB3FEA28FBA2E82A-7ac5596c1dadf86a


three@^0.167.1:
  version "0.167.1"
  resolved "https://registry.npmjs.org/three/-/three-0.167.1.tgz"
  integrity sha512-gYTLJA/UQip6J/tJvl91YYqlZF47+D/kxiWrbTon35ZHlXEN0VOo+Qke2walF1/x92v55H6enomymg4Dak52kw==
